// !$*UTF8*$!
{
	archiveVersion = 1;
	classes = {
	};
	objectVersion = 77;
	objects = {

/* Begin PBXBuildFile section */
		BB12345A2F21700000DA7E16 /* BikeBonkWidgetExtension.appex in Embed Foundation Extensions */ = {isa = PBXBuildFile; fileRef = BB1234562F21700000DA7E16 /* BikeBonkWidgetExtension.appex */; settings = {ATTRIBUTES = (RemoveHeadersOnCopy, ); }; };
/* End PBXBuildFile section */

/* Begin PBXContainerItemProxy section */
		AA2798742F21697D00DA7E16 /* PBXContainerItemProxy */ = {
			isa = PBXContainerItemProxy;
			containerPortal = AA27985E2F21697B00DA7E16 /* Project object */;
			proxyType = 1;
			remoteGlobalIDString = AA2798652F21697B00DA7E16;
			remoteInfo = BikeBonk;
		};
		AA27987E2F21697D00DA7E16 /* PBXContainerItemProxy */ = {
			isa = PBXContainerItemProxy;
			containerPortal = AA27985E2F21697B00DA7E16 /* Project object */;
			proxyType = 1;
			remoteGlobalIDString = AA2798652F21697B00DA7E16;
			remoteInfo = BikeBonk;
		};
		BB12345E2F21700000DA7E16 /* PBXContainerItemProxy */ = {
			isa = PBXContainerItemProxy;
			containerPortal = AA27985E2F21697B00DA7E16 /* Project object */;
			proxyType = 1;
			remoteGlobalIDString = BB12345F2F21700000DA7E16;
			remoteInfo = BikeBonkWidgetExtension;
		};
/* End PBXContainerItemProxy section */

/* Begin PBXCopyFilesBuildPhase section */
		BB1234592F21700000DA7E16 /* Embed Foundation Extensions */ = {
			isa = PBXCopyFilesBuildPhase;
			buildActionMask = 2147483647;
			dstPath = "";
			dstSubfolderSpec = 13;
			files = (
				BB12345A2F21700000DA7E16 /* BikeBonkWidgetExtension.appex in Embed Foundation Extensions */,
			);
			name = "Embed Foundation Extensions";
			runOnlyForDeploymentPostprocessing = 0;
		};
/* End PBXCopyFilesBuildPhase section */

/* Begin PBXFileReference section */
		AA2798662F21697B00DA7E16 /* BikeBonk.app */ = {isa = PBXFileReference; explicitFileType = wrapper.application; includeInIndex = 0; path = BikeBonk.app; sourceTree = BUILT_PRODUCTS_DIR; };
		AA2798732F21697D00DA7E16 /* BikeBonkTests.xctest */ = {isa = PBXFileReference; explicitFileType = wrapper.cfbundle; includeInIndex = 0; path = BikeBonkTests.xctest; sourceTree = BUILT_PRODUCTS_DIR; };
		AA27987D2F21697D00DA7E16 /* BikeBonkUITests.xctest */ = {isa = PBXFileReference; explicitFileType = wrapper.cfbundle; includeInIndex = 0; path = BikeBonkUITests.xctest; sourceTree = BUILT_PRODUCTS_DIR; };
		BB1234562F21700000DA7E16 /* BikeBonkWidgetExtension.appex */ = {isa = PBXFileReference; explicitFileType = "wrapper.app-extension"; includeInIndex = 0; path = BikeBonkWidgetExtension.appex; sourceTree = BUILT_PRODUCTS_DIR; };
/* End PBXFileReference section */

/* Begin PBXFileSystemSynchronizedBuildFileExceptionSet section */
		BB1234642F21700000DA7E16 /* Exceptions for "BikeBonkWidget" folder in "BikeBonkWidgetExtension" target */ = {
			isa = PBXFileSystemSynchronizedBuildFileExceptionSet;
			membershipExceptions = (
				Info.plist,
			);
			target = BB12345F2F21700000DA7E16 /* BikeBonkWidgetExtension */;
		};
/* End PBXFileSystemSynchronizedBuildFileExceptionSet section */

/* Begin PBXFileSystemSynchronizedRootGroup section */
		AA2798682F21697B00DA7E16 /* BikeBonk */ = {
			isa = PBXFileSystemSynchronizedRootGroup;
			path = BikeBonk;
			sourceTree = "<group>";
		};
		AA2798762F21697D00DA7E16 /* BikeBonkTests */ = {
			isa = PBXFileSystemSynchronizedRootGroup;
			path = BikeBonkTests;
			sourceTree = "<group>";
		};
		AA2798802F21697D00DA7E16 /* BikeBonkUITests */ = {
			isa = PBXFileSystemSynchronizedRootGroup;
			path = BikeBonkUITests;
			sourceTree = "<group>";
		};
		BB1234572F21700000DA7E16 /* BikeBonkWidget */ = {
			isa = PBXFileSystemSynchronizedRootGroup;
			exceptions = (
				BB1234642F21700000DA7E16 /* Exceptions for "BikeBonkWidget" folder in "BikeBonkWidgetExtension" target */,
			);
			path = BikeBonkWidget;
			sourceTree = "<group>";
		};
		BB1234582F21700000DA7E16 /* Shared */ = {
			isa = PBXFileSystemSynchronizedRootGroup;
			path = Shared;
			sourceTree = "<group>";
		};
/* End PBXFileSystemSynchronizedRootGroup section */

/* Begin PBXFrameworksBuildPhase section */
		AA2798632F21697B00DA7E16 /* Frameworks */ = {
			isa = PBXFrameworksBuildPhase;
			buildActionMask = 2147483647;
			files = (
			);
			runOnlyForDeploymentPostprocessing = 0;
		};
		AA2798702F21697D00DA7E16 /* Frameworks */ = {
			isa = PBXFrameworksBuildPhase;
			buildActionMask = 2147483647;
			files = (
			);
			runOnlyForDeploymentPostprocessing = 0;
		};
		AA27987A2F21697D00DA7E16 /* Frameworks */ = {
			isa = PBXFrameworksBuildPhase;
			buildActionMask = 2147483647;
			files = (
			);
			runOnlyForDeploymentPostprocessing = 0;
		};
		BB12345B2F21700000DA7E16 /* Frameworks */ = {
			isa = PBXFrameworksBuildPhase;
			buildActionMask = 2147483647;
			files = (
			);
			runOnlyForDeploymentPostprocessing = 0;
		};
/* End PBXFrameworksBuildPhase section */

/* Begin PBXGroup section */
		AA27985D2F21697B00DA7E16 = {
			isa = PBXGroup;
			children = (
				AA2798682F21697B00DA7E16 /* BikeBonk */,
				BB1234582F21700000DA7E16 /* Shared */,
				BB1234572F21700000DA7E16 /* BikeBonkWidget */,
				AA2798762F21697D00DA7E16 /* BikeBonkTests */,
				AA2798802F21697D00DA7E16 /* BikeBonkUITests */,
				AA2798672F21697B00DA7E16 /* Products */,
			);
			sourceTree = "<group>";
		};
		AA2798672F21697B00DA7E16 /* Products */ = {
			isa = PBXGroup;
			children = (
				AA2798662F21697B00DA7E16 /* BikeBonk.app */,
				AA2798732F21697D00DA7E16 /* BikeBonkTests.xctest */,
				AA27987D2F21697D00DA7E16 /* BikeBonkUITests.xctest */,
				BB1234562F21700000DA7E16 /* BikeBonkWidgetExtension.appex */,
			);
			name = Products;
			sourceTree = "<group>";
		};
/* End PBXGroup section */

/* Begin PBXNativeTarget section */
		AA2798652F21697B00DA7E16 /* BikeBonk */ = {
			isa = PBXNativeTarget;
			buildConfigurationList = AA2798872F21697D00DA7E16 /* Build configuration list for PBXNativeTarget "BikeBonk" */;
			buildPhases = (
				AA2798622F21697B00DA7E16 /* Sources */,
				AA2798632F21697B00DA7E16 /* Frameworks */,
				AA2798642F21697B00DA7E16 /* Resources */,
				BB1234592F21700000DA7E16 /* Embed Foundation Extensions */,
			);
			buildRules = (
			);
			dependencies = (
				BB1234602F21700000DA7E16 /* PBXTargetDependency */,
			);
			fileSystemSynchronizedGroups = (
				AA2798682F21697B00DA7E16 /* BikeBonk */,
				BB1234582F21700000DA7E16 /* Shared */,
			);
			name = BikeBonk;
			packageProductDependencies = (
			);
			productName = BikeBonk;
			productReference = AA2798662F21697B00DA7E16 /* BikeBonk.app */;
			productType = "com.apple.product-type.application";
		};
		AA2798722F21697D00DA7E16 /* BikeBonkTests */ = {
			isa = PBXNativeTarget;
			buildConfigurationList = AA27988A2F21697D00DA7E16 /* Build configuration list for PBXNativeTarget "BikeBonkTests" */;
			buildPhases = (
				AA27986F2F21697D00DA7E16 /* Sources */,
				AA2798702F21697D00DA7E16 /* Frameworks */,
				AA2798712F21697D00DA7E16 /* Resources */,
			);
			buildRules = (
			);
			dependencies = (
				AA2798752F21697D00DA7E16 /* PBXTargetDependency */,
			);
			fileSystemSynchronizedGroups = (
				AA2798762F21697D00DA7E16 /* BikeBonkTests */,
			);
			name = BikeBonkTests;
			packageProductDependencies = (
			);
			productName = BikeBonkTests;
			productReference = AA2798732F21697D00DA7E16 /* BikeBonkTests.xctest */;
			productType = "com.apple.product-type.bundle.unit-test";
		};
		AA27987C2F21697D00DA7E16 /* BikeBonkUITests */ = {
			isa = PBXNativeTarget;
			buildConfigurationList = AA27988D2F21697D00DA7E16 /* Build configuration list for PBXNativeTarget "BikeBonkUITests" */;
			buildPhases = (
				AA2798792F21697D00DA7E16 /* Sources */,
				AA27987A2F21697D00DA7E16 /* Frameworks */,
				AA27987B2F21697D00DA7E16 /* Resources */,
			);
			buildRules = (
			);
			dependencies = (
				AA27987F2F21697D00DA7E16 /* PBXTargetDependency */,
			);
			fileSystemSynchronizedGroups = (
				AA2798802F21697D00DA7E16 /* BikeBonkUITests */,
			);
			name = BikeBonkUITests;
			packageProductDependencies = (
			);
			productName = BikeBonkUITests;
			productReference = AA27987D2F21697D00DA7E16 /* BikeBonkUITests.xctest */;
			productType = "com.apple.product-type.bundle.ui-testing";
		};
		BB12345F2F21700000DA7E16 /* BikeBonkWidgetExtension */ = {
			isa = PBXNativeTarget;
			buildConfigurationList = BB1234612F21700000DA7E16 /* Build configuration list for PBXNativeTarget "BikeBonkWidgetExtension" */;
			buildPhases = (
				BB12345D2F21700000DA7E16 /* Sources */,
				BB12345B2F21700000DA7E16 /* Frameworks */,
				BB12345C2F21700000DA7E16 /* Resources */,
			);
			buildRules = (
			);
			dependencies = (
			);
			fileSystemSynchronizedGroups = (
				BB1234572F21700000DA7E16 /* BikeBonkWidget */,
				BB1234582F21700000DA7E16 /* Shared */,
			);
			name = BikeBonkWidgetExtension;
			packageProductDependencies = (
			);
			productName = BikeBonkWidgetExtension;
			productReference = BB1234562F21700000DA7E16 /* BikeBonkWidgetExtension.appex */;
			productType = "com.apple.product-type.app-extension";
		};
/* End PBXNativeTarget section */

/* Begin PBXProject section */
		AA27985E2F21697B00DA7E16 /* Project object */ = {
			isa = PBXProject;
			attributes = {
				BuildIndependentTargetsInParallel = 1;
				LastSwiftUpdateCheck = 2620;
				LastUpgradeCheck = 2620;
				TargetAttributes = {
					AA2798652F21697B00DA7E16 = {
						CreatedOnToolsVersion = 26.2;
					};
					AA2798722F21697D00DA7E16 = {
						CreatedOnToolsVersion = 26.2;
						TestTargetID = AA2798652F21697B00DA7E16;
					};
					AA27987C2F21697D00DA7E16 = {
						CreatedOnToolsVersion = 26.2;
						TestTargetID = AA2798652F21697B00DA7E16;
					};
					BB12345F2F21700000DA7E16 = {
						CreatedOnToolsVersion = 26.2;
					};
				};
			};
			buildConfigurationList = AA2798612F21697B00DA7E16 /* Build configuration list for PBXProject "BikeBonk" */;
			developmentRegion = en;
			hasScannedForEncodings = 0;
			knownRegions = (
				en,
				Base,
				nb,
			);
			mainGroup = AA27985D2F21697B00DA7E16;
			minimizedProjectReferenceProxies = 1;
			preferredProjectObjectVersion = 77;
			productRefGroup = AA2798672F21697B00DA7E16 /* Products */;
			projectDirPath = "";
			projectRoot = "";
			targets = (
				AA2798652F21697B00DA7E16 /* BikeBonk */,
				AA2798722F21697D00DA7E16 /* BikeBonkTests */,
				AA27987C2F21697D00DA7E16 /* BikeBonkUITests */,
				BB12345F2F21700000DA7E16 /* BikeBonkWidgetExtension */,
			);
		};
/* End PBXProject section */

/* Begin PBXResourcesBuildPhase section */
		AA2798642F21697B00DA7E16 /* Resources */ = {
			isa = PBXResourcesBuildPhase;
			buildActionMask = 2147483647;
			files = (
			);
			runOnlyForDeploymentPostprocessing = 0;
		};
		AA2798712F21697D00DA7E16 /* Resources */ = {
			isa = PBXResourcesBuildPhase;
			buildActionMask = 2147483647;
			files = (
			);
			runOnlyForDeploymentPostprocessing = 0;
		};
		AA27987B2F21697D00DA7E16 /* Resources */ = {
			isa = PBXResourcesBuildPhase;
			buildActionMask = 2147483647;
			files = (
			);
			runOnlyForDeploymentPostprocessing = 0;
		};
		BB12345C2F21700000DA7E16 /* Resources */ = {
			isa = PBXResourcesBuildPhase;
			buildActionMask = 2147483647;
			files = (
			);
			runOnlyForDeploymentPostprocessing = 0;
		};
/* End PBXResourcesBuildPhase section */

/* Begin PBXSourcesBuildPhase section */
		AA2798622F21697B00DA7E16 /* Sources */ = {
			isa = PBXSourcesBuildPhase;
			buildActionMask = 2147483647;
			files = (
			);
			runOnlyForDeploymentPostprocessing = 0;
		};
		AA27986F2F21697D00DA7E16 /* Sources */ = {
			isa = PBXSourcesBuildPhase;
			buildActionMask = 2147483647;
			files = (
			);
			runOnlyForDeploymentPostprocessing = 0;
		};
		AA2798792F21697D00DA7E16 /* Sources */ = {
			isa = PBXSourcesBuildPhase;
			buildActionMask = 2147483647;
			files = (
			);
			runOnlyForDeploymentPostprocessing = 0;
		};
		BB12345D2F21700000DA7E16 /* Sources */ = {
			isa = PBXSourcesBuildPhase;
			buildActionMask = 2147483647;
			files = (
			);
			runOnlyForDeploymentPostprocessing = 0;
		};
/* End PBXSourcesBuildPhase section */

/* Begin PBXTargetDependency section */
		AA2798752F21697D00DA7E16 /* PBXTargetDependency */ = {
			isa = PBXTargetDependency;
			target = AA2798652F21697B00DA7E16 /* BikeBonk */;
			targetProxy = AA2798742F21697D00DA7E16 /* PBXContainerItemProxy */;
		};
		AA27987F2F21697D00DA7E16 /* PBXTargetDependency */ = {
			isa = PBXTargetDependency;
			target = AA2798652F21697B00DA7E16 /* BikeBonk */;
			targetProxy = AA27987E2F21697D00DA7E16 /* PBXContainerItemProxy */;
		};
		BB1234602F21700000DA7E16 /* PBXTargetDependency */ = {
			isa = PBXTargetDependency;
			target = BB12345F2F21700000DA7E16 /* BikeBonkWidgetExtension */;
			targetProxy = BB12345E2F21700000DA7E16 /* PBXContainerItemProxy */;
		};
/* End PBXTargetDependency section */

/* Begin XCBuildConfiguration section */
		AA2798852F21697D00DA7E16 /* Debug */ = {
			isa = XCBuildConfiguration;
			buildSettings = {
				ALWAYS_SEARCH_USER_PATHS = NO;
				ASSETCATALOG_COMPILER_GENERATE_SWIFT_ASSET_SYMBOL_EXTENSIONS = YES;
				CLANG_ANALYZER_NONNULL = YES;
				CLANG_ANALYZER_NUMBER_OBJECT_CONVERSION = YES_AGGRESSIVE;
				CLANG_CXX_LANGUAGE_STANDARD = "gnu++20";
				CLANG_ENABLE_MODULES = YES;
				CLANG_ENABLE_OBJC_ARC = YES;
				CLANG_ENABLE_OBJC_WEAK = YES;
				CLANG_WARN_BLOCK_CAPTURE_AUTORELEASING = YES;
				CLANG_WARN_BOOL_CONVERSION = YES;
				CLANG_WARN_COMMA = YES;
				CLANG_WARN_CONSTANT_CONVERSION = YES;
				CLANG_WARN_DEPRECATED_OBJC_IMPLEMENTATIONS = YES;
				CLANG_WARN_DIRECT_OBJC_ISA_USAGE = YES_ERROR;
				CLANG_WARN_DOCUMENTATION_COMMENTS = YES;
				CLANG_WARN_EMPTY_BODY = YES;
				CLANG_WARN_ENUM_CONVERSION = YES;
				CLANG_WARN_INFINITE_RECURSION = YES;
				CLANG_WARN_INT_CONVERSION = YES;
				CLANG_WARN_NON_LITERAL_NULL_CONVERSION = YES;
				CLANG_WARN_OBJC_IMPLICIT_RETAIN_SELF = YES;
				CLANG_WARN_OBJC_LITERAL_CONVERSION = YES;
				CLANG_WARN_OBJC_ROOT_CLASS = YES_ERROR;
				CLANG_WARN_QUOTED_INCLUDE_IN_FRAMEWORK_HEADER = YES;
				CLANG_WARN_RANGE_LOOP_ANALYSIS = YES;
				CLANG_WARN_STRICT_PROTOTYPES = YES;
				CLANG_WARN_SUSPICIOUS_MOVE = YES;
				CLANG_WARN_UNGUARDED_AVAILABILITY = YES_AGGRESSIVE;
				CLANG_WARN_UNREACHABLE_CODE = YES;
				CLANG_WARN__DUPLICATE_METHOD_MATCH = YES;
				COPY_PHASE_STRIP = NO;
				DEBUG_INFORMATION_FORMAT = dwarf;
				DEVELOPMENT_TEAM = PT677XPRWH;
				ENABLE_STRICT_OBJC_MSGSEND = YES;
				ENABLE_TESTABILITY = YES;
				ENABLE_USER_SCRIPT_SANDBOXING = YES;
				GCC_C_LANGUAGE_STANDARD = gnu17;
				GCC_DYNAMIC_NO_PIC = NO;
				GCC_NO_COMMON_BLOCKS = YES;
				GCC_OPTIMIZATION_LEVEL = 0;
				GCC_PREPROCESSOR_DEFINITIONS = (
					"DEBUG=1",
					"$(inherited)",
				);
				GCC_WARN_64_TO_32_BIT_CONVERSION = YES;
				GCC_WARN_ABOUT_RETURN_TYPE = YES_ERROR;
				GCC_WARN_UNDECLARED_SELECTOR = YES;
				GCC_WARN_UNINITIALIZED_AUTOS = YES_AGGRESSIVE;
				GCC_WARN_UNUSED_FUNCTION = YES;
				GCC_WARN_UNUSED_VARIABLE = YES;
				IPHONEOS_DEPLOYMENT_TARGET = 26.2;
				LOCALIZATION_PREFERS_STRING_CATALOGS = YES;
				MTL_ENABLE_DEBUG_INFO = INCLUDE_SOURCE;
				MTL_FAST_MATH = YES;
				ONLY_ACTIVE_ARCH = YES;
				SDKROOT = iphoneos;
				SWIFT_ACTIVE_COMPILATION_CONDITIONS = "DEBUG $(inherited)";
				SWIFT_OPTIMIZATION_LEVEL = "-Onone";
			};
			name = Debug;
		};
		AA2798862F21697D00DA7E16 /* Release */ = {
			isa = XCBuildConfiguration;
			buildSettings = {
				ALWAYS_SEARCH_USER_PATHS = NO;
				ASSETCATALOG_COMPILER_GENERATE_SWIFT_ASSET_SYMBOL_EXTENSIONS = YES;
				CLANG_ANALYZER_NONNULL = YES;
				CLANG_ANALYZER_NUMBER_OBJECT_CONVERSION = YES_AGGRESSIVE;
				CLANG_CXX_LANGUAGE_STANDARD = "gnu++20";
				CLANG_ENABLE_MODULES = YES;
				CLANG_ENABLE_OBJC_ARC = YES;
				CLANG_ENABLE_OBJC_WEAK = YES;
				CLANG_WARN_BLOCK_CAPTURE_AUTORELEASING = YES;
				CLANG_WARN_BOOL_CONVERSION = YES;
				CLANG_WARN_COMMA = YES;
				CLANG_WARN_CONSTANT_CONVERSION = YES;
				CLANG_WARN_DEPRECATED_OBJC_IMPLEMENTATIONS = YES;
				CLANG_WARN_DIRECT_OBJC_ISA_USAGE = YES_ERROR;
				CLANG_WARN_DOCUMENTATION_COMMENTS = YES;
				CLANG_WARN_EMPTY_BODY = YES;
				CLANG_WARN_ENUM_CONVERSION = YES;
				CLANG_WARN_INFINITE_RECURSION = YES;
				CLANG_WARN_INT_CONVERSION = YES;
				CLANG_WARN_NON_LITERAL_NULL_CONVERSION = YES;
				CLANG_WARN_OBJC_IMPLICIT_RETAIN_SELF = YES;
				CLANG_WARN_OBJC_LITERAL_CONVERSION = YES;
				CLANG_WARN_OBJC_ROOT_CLASS = YES_ERROR;
				CLANG_WARN_QUOTED_INCLUDE_IN_FRAMEWORK_HEADER = YES;
				CLANG_WARN_RANGE_LOOP_ANALYSIS = YES;
				CLANG_WARN_STRICT_PROTOTYPES = YES;
				CLANG_WARN_SUSPICIOUS_MOVE = YES;
				CLANG_WARN_UNGUARDED_AVAILABILITY = YES_AGGRESSIVE;
				CLANG_WARN_UNREACHABLE_CODE = YES;
				CLANG_WARN__DUPLICATE_METHOD_MATCH = YES;
				COPY_PHASE_STRIP = NO;
				DEBUG_INFORMATION_FORMAT = "dwarf-with-dsym";
				DEVELOPMENT_TEAM = PT677XPRWH;
				ENABLE_NS_ASSERTIONS = NO;
				ENABLE_STRICT_OBJC_MSGSEND = YES;
				ENABLE_USER_SCRIPT_SANDBOXING = YES;
				GCC_C_LANGUAGE_STANDARD = gnu17;
				GCC_NO_COMMON_BLOCKS = YES;
				GCC_WARN_64_TO_32_BIT_CONVERSION = YES;
				GCC_WARN_ABOUT_RETURN_TYPE = YES_ERROR;
				GCC_WARN_UNDECLARED_SELECTOR = YES;
				GCC_WARN_UNINITIALIZED_AUTOS = YES_AGGRESSIVE;
				GCC_WARN_UNUSED_FUNCTION = YES;
				GCC_WARN_UNUSED_VARIABLE = YES;
				IPHONEOS_DEPLOYMENT_TARGET = 26.2;
				LOCALIZATION_PREFERS_STRING_CATALOGS = YES;
				MTL_ENABLE_DEBUG_INFO = NO;
				MTL_FAST_MATH = YES;
				SDKROOT = iphoneos;
				SWIFT_COMPILATION_MODE = wholemodule;
				VALIDATE_PRODUCT = YES;
			};
			name = Release;
		};
		AA2798882F21697D00DA7E16 /* Debug */ = {
			isa = XCBuildConfiguration;
			buildSettings = {
				ASSETCATALOG_COMPILER_APPICON_NAME = AppIcon;
				ASSETCATALOG_COMPILER_GLOBAL_ACCENT_COLOR_NAME = AccentColor;
				CODE_SIGN_ENTITLEMENTS = BikeBonk/BikeBonk.entitlements;
				CODE_SIGN_STYLE = Automatic;
				CURRENT_PROJECT_VERSION = 1;
				DEVELOPMENT_TEAM = PT677XPRWH;
				ENABLE_PREVIEWS = YES;
				GENERATE_INFOPLIST_FILE = YES;
				INFOPLIST_KEY_UIApplicationSceneManifest_Generation = YES;
				INFOPLIST_KEY_UIApplicationSupportsIndirectInputEvents = YES;
				INFOPLIST_KEY_UILaunchScreen_Generation = YES;
				INFOPLIST_KEY_UISupportedInterfaceOrientations_iPad = "UIInterfaceOrientationPortrait UIInterfaceOrientationPortraitUpsideDown UIInterfaceOrientationLandscapeLeft UIInterfaceOrientationLandscapeRight";
				INFOPLIST_KEY_UISupportedInterfaceOrientations_iPhone = "UIInterfaceOrientationPortrait UIInterfaceOrientationLandscapeLeft UIInterfaceOrientationLandscapeRight";
				LD_RUNPATH_SEARCH_PATHS = (
					"$(inherited)",
					"@executable_path/Frameworks",
				);
				MARKETING_VERSION = 1.0;
				PRODUCT_BUNDLE_IDENTIFIER = no.follesoe.BikeBonk;
				PRODUCT_NAME = "$(TARGET_NAME)";
				STRING_CATALOG_GENERATE_SYMBOLS = YES;
				SWIFT_APPROACHABLE_CONCURRENCY = YES;
				SWIFT_DEFAULT_ACTOR_ISOLATION = MainActor;
				SWIFT_EMIT_LOC_STRINGS = YES;
				SWIFT_UPCOMING_FEATURE_MEMBER_IMPORT_VISIBILITY = YES;
				SWIFT_VERSION = 5.0;
				TARGETED_DEVICE_FAMILY = "1,2";
			};
			name = Debug;
		};
		AA2798892F21697D00DA7E16 /* Release */ = {
			isa = XCBuildConfiguration;
			buildSettings = {
				ASSETCATALOG_COMPILER_APPICON_NAME = AppIcon;
				ASSETCATALOG_COMPILER_GLOBAL_ACCENT_COLOR_NAME = AccentColor;
				CODE_SIGN_ENTITLEMENTS = BikeBonk/BikeBonk.entitlements;
				CODE_SIGN_STYLE = Automatic;
				CURRENT_PROJECT_VERSION = 1;
				DEVELOPMENT_TEAM = PT677XPRWH;
				ENABLE_PREVIEWS = YES;
				GENERATE_INFOPLIST_FILE = YES;
				INFOPLIST_KEY_UIApplicationSceneManifest_Generation = YES;
				INFOPLIST_KEY_UIApplicationSupportsIndirectInputEvents = YES;
				INFOPLIST_KEY_UILaunchScreen_Generation = YES;
				INFOPLIST_KEY_UISupportedInterfaceOrientations_iPad = "UIInterfaceOrientationPortrait UIInterfaceOrientationPortraitUpsideDown UIInterfaceOrientationLandscapeLeft UIInterfaceOrientationLandscapeRight";
				INFOPLIST_KEY_UISupportedInterfaceOrientations_iPhone = "UIInterfaceOrientationPortrait UIInterfaceOrientationLandscapeLeft UIInterfaceOrientationLandscapeRight";
				LD_RUNPATH_SEARCH_PATHS = (
					"$(inherited)",
					"@executable_path/Frameworks",
				);
				MARKETING_VERSION = 1.0;
				PRODUCT_BUNDLE_IDENTIFIER = no.follesoe.BikeBonk;
				PRODUCT_NAME = "$(TARGET_NAME)";
				STRING_CATALOG_GENERATE_SYMBOLS = YES;
				SWIFT_APPROACHABLE_CONCURRENCY = YES;
				SWIFT_DEFAULT_ACTOR_ISOLATION = MainActor;
				SWIFT_EMIT_LOC_STRINGS = YES;
				SWIFT_UPCOMING_FEATURE_MEMBER_IMPORT_VISIBILITY = YES;
				SWIFT_VERSION = 5.0;
				TARGETED_DEVICE_FAMILY = "1,2";
			};
			name = Release;
		};
		AA27988B2F21697D00DA7E16 /* Debug */ = {
			isa = XCBuildConfiguration;
			buildSettings = {
				BUNDLE_LOADER = "$(TEST_HOST)";
				CODE_SIGN_STYLE = Automatic;
				CURRENT_PROJECT_VERSION = 1;
				DEVELOPMENT_TEAM = PT677XPRWH;
				GENERATE_INFOPLIST_FILE = YES;
				IPHONEOS_DEPLOYMENT_TARGET = 26.2;
				MARKETING_VERSION = 1.0;
				PRODUCT_BUNDLE_IDENTIFIER = no.follesoe.BikeBonkTests;
				PRODUCT_NAME = "$(TARGET_NAME)";
				STRING_CATALOG_GENERATE_SYMBOLS = NO;
				SWIFT_APPROACHABLE_CONCURRENCY = YES;
				SWIFT_EMIT_LOC_STRINGS = NO;
				SWIFT_UPCOMING_FEATURE_MEMBER_IMPORT_VISIBILITY = YES;
				SWIFT_VERSION = 5.0;
				TARGETED_DEVICE_FAMILY = "1,2";
				TEST_HOST = "$(BUILT_PRODUCTS_DIR)/BikeBonk.app/$(BUNDLE_EXECUTABLE_FOLDER_PATH)/BikeBonk";
			};
			name = Debug;
		};
		AA27988C2F21697D00DA7E16 /* Release */ = {
			isa = XCBuildConfiguration;
			buildSettings = {
				BUNDLE_LOADER = "$(TEST_HOST)";
				CODE_SIGN_STYLE = Automatic;
				CURRENT_PROJECT_VERSION = 1;
				DEVELOPMENT_TEAM = PT677XPRWH;
				GENERATE_INFOPLIST_FILE = YES;
				IPHONEOS_DEPLOYMENT_TARGET = 26.2;
				MARKETING_VERSION = 1.0;
				PRODUCT_BUNDLE_IDENTIFIER = no.follesoe.BikeBonkTests;
				PRODUCT_NAME = "$(TARGET_NAME)";
				STRING_CATALOG_GENERATE_SYMBOLS = NO;
				SWIFT_APPROACHABLE_CONCURRENCY = YES;
				SWIFT_EMIT_LOC_STRINGS = NO;
				SWIFT_UPCOMING_FEATURE_MEMBER_IMPORT_VISIBILITY = YES;
				SWIFT_VERSION = 5.0;
				TARGETED_DEVICE_FAMILY = "1,2";
				TEST_HOST = "$(BUILT_PRODUCTS_DIR)/BikeBonk.app/$(BUNDLE_EXECUTABLE_FOLDER_PATH)/BikeBonk";
			};
			name = Release;
		};
		AA27988E2F21697D00DA7E16 /* Debug */ = {
			isa = XCBuildConfiguration;
			buildSettings = {
				CODE_SIGN_STYLE = Automatic;
				CURRENT_PROJECT_VERSION = 1;
				DEVELOPMENT_TEAM = PT677XPRWH;
				GENERATE_INFOPLIST_FILE = YES;
				MARKETING_VERSION = 1.0;
				PRODUCT_BUNDLE_IDENTIFIER = no.follesoe.BikeBonkUITests;
				PRODUCT_NAME = "$(TARGET_NAME)";
				STRING_CATALOG_GENERATE_SYMBOLS = NO;
				SWIFT_APPROACHABLE_CONCURRENCY = YES;
				SWIFT_EMIT_LOC_STRINGS = NO;
				SWIFT_UPCOMING_FEATURE_MEMBER_IMPORT_VISIBILITY = YES;
				SWIFT_VERSION = 5.0;
				TARGETED_DEVICE_FAMILY = "1,2";
				TEST_TARGET_NAME = BikeBonk;
			};
			name = Debug;
		};
		AA27988F2F21697D00DA7E16 /* Release */ = {
			isa = XCBuildConfiguration;
			buildSettings = {
				CODE_SIGN_STYLE = Automatic;
				CURRENT_PROJECT_VERSION = 1;
				DEVELOPMENT_TEAM = PT677XPRWH;
				GENERATE_INFOPLIST_FILE = YES;
				MARKETING_VERSION = 1.0;
				PRODUCT_BUNDLE_IDENTIFIER = no.follesoe.BikeBonkUITests;
				PRODUCT_NAME = "$(TARGET_NAME)";
				STRING_CATALOG_GENERATE_SYMBOLS = NO;
				SWIFT_APPROACHABLE_CONCURRENCY = YES;
				SWIFT_EMIT_LOC_STRINGS = NO;
				SWIFT_UPCOMING_FEATURE_MEMBER_IMPORT_VISIBILITY = YES;
				SWIFT_VERSION = 5.0;
				TARGETED_DEVICE_FAMILY = "1,2";
				TEST_TARGET_NAME = BikeBonk;
			};
			name = Release;
		};
		BB1234622F21700000DA7E16 /* Debug */ = {
			isa = XCBuildConfiguration;
			buildSettings = {
				ASSETCATALOG_COMPILER_GLOBAL_ACCENT_COLOR_NAME = AccentColor;
				ASSETCATALOG_COMPILER_WIDGET_BACKGROUND_COLOR_NAME = WidgetBackground;
				CODE_SIGN_ENTITLEMENTS = BikeBonkWidget/BikeBonkWidget.entitlements;
				CODE_SIGN_STYLE = Automatic;
				CURRENT_PROJECT_VERSION = 1;
				DEVELOPMENT_TEAM = PT677XPRWH;
				GENERATE_INFOPLIST_FILE = NO;
				INFOPLIST_FILE = BikeBonkWidget/Info.plist;
				INFOPLIST_KEY_CFBundleDisplayName = BikeBonkWidget;
				INFOPLIST_KEY_NSHumanReadableCopyright = "";
				LD_RUNPATH_SEARCH_PATHS = (
					"$(inherited)",
					"@executable_path/Frameworks",
					"@executable_path/../../Frameworks",
				);
				MARKETING_VERSION = 1.0;
				PRODUCT_BUNDLE_IDENTIFIER = no.follesoe.BikeBonk.BikeBonkWidget;
				PRODUCT_NAME = "$(TARGET_NAME)";
				SKIP_INSTALL = YES;
				SWIFT_APPROACHABLE_CONCURRENCY = YES;
				SWIFT_EMIT_LOC_STRINGS = YES;
				SWIFT_UPCOMING_FEATURE_MEMBER_IMPORT_VISIBILITY = YES;
				SWIFT_VERSION = 5.0;
				TARGETED_DEVICE_FAMILY = "1,2";
			};
			name = Debug;
		};
		BB1234632F21700000DA7E16 /* Release */ = {
			isa = XCBuildConfiguration;
			buildSettings = {
				ASSETCATALOG_COMPILER_GLOBAL_ACCENT_COLOR_NAME = AccentColor;
				ASSETCATALOG_COMPILER_WIDGET_BACKGROUND_COLOR_NAME = WidgetBackground;
				CODE_SIGN_ENTITLEMENTS = BikeBonkWidget/BikeBonkWidget.entitlements;
				CODE_SIGN_STYLE = Automatic;
				CURRENT_PROJECT_VERSION = 1;
				DEVELOPMENT_TEAM = PT677XPRWH;
				GENERATE_INFOPLIST_FILE = NO;
				INFOPLIST_FILE = BikeBonkWidget/Info.plist;
				INFOPLIST_KEY_CFBundleDisplayName = BikeBonkWidget;
				INFOPLIST_KEY_NSHumanReadableCopyright = "";
				LD_RUNPATH_SEARCH_PATHS = (
					"$(inherited)",
					"@executable_path/Frameworks",
					"@executable_path/../../Frameworks",
				);
				MARKETING_VERSION = 1.0;
				PRODUCT_BUNDLE_IDENTIFIER = no.follesoe.BikeBonk.BikeBonkWidget;
				PRODUCT_NAME = "$(TARGET_NAME)";
				SKIP_INSTALL = YES;
				SWIFT_APPROACHABLE_CONCURRENCY = YES;
				SWIFT_EMIT_LOC_STRINGS = YES;
				SWIFT_UPCOMING_FEATURE_MEMBER_IMPORT_VISIBILITY = YES;
				SWIFT_VERSION = 5.0;
				TARGETED_DEVICE_FAMILY = "1,2";
			};
			name = Release;
		};
/* End XCBuildConfiguration section */

/* Begin XCConfigurationList section */
		AA2798612F21697B00DA7E16 /* Build configuration list for PBXProject "BikeBonk" */ = {
			isa = XCConfigurationList;
			buildConfigurations = (
				AA2798852F21697D00DA7E16 /* Debug */,
				AA2798862F21697D00DA7E16 /* Release */,
			);
			defaultConfigurationIsVisible = 0;
			defaultConfigurationName = Release;
		};
		AA2798872F21697D00DA7E16 /* Build configuration list for PBXNativeTarget "BikeBonk" */ = {
			isa = XCConfigurationList;
			buildConfigurations = (
				AA2798882F21697D00DA7E16 /* Debug */,
				AA2798892F21697D00DA7E16 /* Release */,
			);
			defaultConfigurationIsVisible = 0;
			defaultConfigurationName = Release;
		};
		AA27988A2F21697D00DA7E16 /* Build configuration list for PBXNativeTarget "BikeBonkTests" */ = {
			isa = XCConfigurationList;
			buildConfigurations = (
				AA27988B2F21697D00DA7E16 /* Debug */,
				AA27988C2F21697D00DA7E16 /* Release */,
			);
			defaultConfigurationIsVisible = 0;
			defaultConfigurationName = Release;
		};
		AA27988D2F21697D00DA7E16 /* Build configuration list for PBXNativeTarget "BikeBonkUITests" */ = {
			isa = XCConfigurationList;
			buildConfigurations = (
				AA27988E2F21697D00DA7E16 /* Debug */,
				AA27988F2F21697D00DA7E16 /* Release */,
			);
			defaultConfigurationIsVisible = 0;
			defaultConfigurationName = Release;
		};
		BB1234612F21700000DA7E16 /* Build configuration list for PBXNativeTarget "BikeBonkWidgetExtension" */ = {
			isa = XCConfigurationList;
			buildConfigurations = (
				BB1234622F21700000DA7E16 /* Debug */,
				BB1234632F21700000DA7E16 /* Release */,
			);
			defaultConfigurationIsVisible = 0;
			defaultConfigurationName = Release;
		};
/* End XCConfigurationList section */
	};
	rootObject = AA27985E2F21697B00DA7E16 /* Project object */;
}
